
Microsoft Visual Studio Solution File, Format Version 12.00
# Visual Studio Version 17
VisualStudioVersion = 17.4.33213.308
MinimumVisualStudioVersion = 10.0.40219.1
Project("{FAE04EC0-301F-11D3-BF4B-00C04F79EFBC}") = "Generator.Password", "Generator.Password.csproj", "{15AD0D52-0911-4E38-9269-B3CF58423133}"
EndProject
Project("{FAE04EC0-301F-11D3-BF4B-00C04F79EFBC}") = "GeneratorPassword", "..\program\GeneratorPassword.csproj", "{DE1930E2-96F4-413F-8B28-4414A95AC486}"
EndProject
Global
	GlobalSection(SolutionConfigurationPlatforms) = preSolution
		Debug|Any CPU = Debug|Any CPU
		Release|Any CPU = Release|Any CPU
	EndGlobalSection
	GlobalSection(ProjectConfigurationPlatforms) = postSolution
		{15AD0D52-0911-4E38-9269-B3CF58423133}.Debug|Any CPU.ActiveCfg = Debug|Any CPU
		{15AD0D52-0911-4E38-9269-B3CF58423133}.Debug|Any CPU.Build.0 = Debug|Any CPU
		{15AD0D52-0911-4E38-9269-B3CF58423133}.Release|Any CPU.ActiveCfg = Release|Any CPU
		{15AD0D52-0911-4E38-9269-B3CF58423133}.Release|Any CPU.Build.0 = Release|Any CPU
		{DE1930E2-96F4-413F-8B28-4414A95AC486}.Debug|Any CPU.ActiveCfg = Debug|Any CPU
		{DE1930E2-96F4-413F-8B28-4414A95AC486}.Debug|Any CPU.Build.0 = Debug|Any CPU
		{DE1930E2-96F4-413F-8B28-4414A95AC486}.Release|Any CPU.ActiveCfg = Release|Any CPU
		{DE1930E2-96F4-413F-8B28-4414A95AC486}.Release|Any CPU.Build.0 = Release|Any CPU
	EndGlobalSection
	GlobalSection(SolutionProperties) = preSolution
		HideSolutionNode = FALSE
	EndGlobalSection
	GlobalSection(ExtensibilityGlobals) = postSolution
		SolutionGuid = {CF7F1537-B8B7-4908-AB93-C6DD3E0ED008}
	EndGlobalSection
EndGlobal
